
Microsoft Visual Studio Solution File, Format Version 12.00
# Visual Studio Version 17
VisualStudioVersion = 17.11.35222.181
MinimumVisualStudioVersion = 10.0.40219.1
Project("{2150E333-8FDC-42A3-9474-1A3956D46DE8}") = "3rdParty", "3rdParty", "{C320FC0D-F28D-4327-BBD7-61ED908556F4}"
EndProject
Project("{8BC9CEB8-8B4A-11D0-8D11-00A0C91BC942}") = "lua", "3rdParty\projects\Lua401\lua\lua.vcxproj", "{1C44E7E3-0D58-4464-96FB-7741C61971E8}"
EndProject
Project("{2150E333-8FDC-42A3-9474-1A3956D46DE8}") = "Lua401", "Lua401", "{A7B83E36-9EE4-4168-8D94-E600505AF59D}"
EndProject
Project("{8BC9CEB8-8B4A-11D0-8D11-00A0C91BC942}") = "Lua401", "3rdParty\projects\Lua401\Lua401\Lua401.vcxproj", "{9B2AB94E-0D59-48C9-8D2B-6E087E0E8F9E}"
EndProject
Project("{8BC9CEB8-8B4A-11D0-8D11-00A0C91BC942}") = "luac", "3rdParty\projects\Lua401\luac\luac.vcxproj", "{BEC0AEBB-4798-43A3-BED7-E07BCC372BD0}"
EndProject
Project("{2150E333-8FDC-42A3-9474-1A3956D46DE8}") = "Lua500", "Lua500", "{EB09FC50-8895-4E9E-89FA-F8D10E940E34}"
EndProject
Project("{8BC9CEB8-8B4A-11D0-8D11-00A0C91BC942}") = "lua5", "3rdParty\projects\Lua500\lua5\lua5.vcxproj", "{7182673F-E84C-466E-9A88-956229BC287D}"
EndProject
Project("{8BC9CEB8-8B4A-11D0-8D11-00A0C91BC942}") = "Lua500", "3rdParty\projects\Lua500\Lua500\Lua500.vcxproj", "{51A47A6C-02EB-4F0D-8905-0513B419ADC4}"
EndProject
Project("{8BC9CEB8-8B4A-11D0-8D11-00A0C91BC942}") = "luac5", "3rdParty\projects\Lua500\luac5\luac5.vcxproj", "{109C5B49-214E-4D44-A833-60DE1EDD824F}"
EndProject
Project("{8BC9CEB8-8B4A-11D0-8D11-00A0C91BC942}") = "sqlite3", "3rdParty\projects\sqlite\sqlite\sqlite.vcxproj", "{EB72B23A-C42B-474A-9582-CC7D4DDD2E8D}"
EndProject
Project("{8BC9CEB8-8B4A-11D0-8D11-00A0C91BC942}") = "expat", "3rdParty\expat-2.0.1\lib\expat.vcxproj", "{C7962AC4-A99A-456E-B69E-9332B0560AFF}"
EndProject
Project("{8BC9CEB8-8B4A-11D0-8D11-00A0C91BC942}") = "ogg_dynamic", "3rdParty\libogg-1.1.3\win32\ogg_dynamic.vcxproj", "{409A2031-15F8-494F-A352-C029D6DCBA70}"
EndProject
Project("{8BC9CEB8-8B4A-11D0-8D11-00A0C91BC942}") = "vorbis_dynamic", "3rdParty\libvorbis-1.2.0\win32\vorbis_dynamic.vcxproj", "{F09EE1D8-7C57-42D7-B49F-0A04B5A341E1}"
EndProject
Project("{8BC9CEB8-8B4A-11D0-8D11-00A0C91BC942}") = "vorbisfile_dynamic", "3rdParty\libvorbis-1.2.0\win32\vorbisfile_dynamic.vcxproj", "{F6C0BA4C-CDD8-4F54-AE1A-F5238B94B2CF}"
EndProject
Project("{8BC9CEB8-8B4A-11D0-8D11-00A0C91BC942}") = "NvTriStrip", "3rdParty\nvtristrip\src\NvTriStrip\NvTriStrip.vcxproj", "{3A9E8B28-4553-44C2-8B1F-E5A4713031F6}"
EndProject
Project("{8BC9CEB8-8B4A-11D0-8D11-00A0C91BC942}") = "zlib123", "3rdParty\zlib123\projects\zlib123\zlib123.vcxproj", "{03692816-E25C-48B0-9F16-C9D6BF4EBC6A}"
EndProject
Project("{2150E333-8FDC-42A3-9474-1A3956D46DE8}") = "Client", "Client", "{002DA7B2-7D19-4BA0-A258-1498E7E12625}"
EndProject
Project("{8BC9CEB8-8B4A-11D0-8D11-00A0C91BC942}") = "TriggerVFS", "Tools\TriggerVFS\TriggerVFS.vcxproj", "{3D8FB37B-21F3-4DEF-9B78-6FE270C73494}"
EndProject
Project("{8BC9CEB8-8B4A-11D0-8D11-00A0C91BC942}") = "LIB_UTIL", "LIB_Util\LIB_Util.vcxproj", "{B4DDE42E-8878-441E-87AE-62B2F0E5A9CF}"
EndProject
Project("{8BC9CEB8-8B4A-11D0-8D11-00A0C91BC942}") = "TGameCtrl", "TGameCtrl\TGameCtrl.vcxproj", "{25FC645B-A461-4FDD-848A-4F7C5522313A}"
EndProject
Project("{8BC9CEB8-8B4A-11D0-8D11-00A0C91BC942}") = "TriggerInfo", "Tools\TriggerInfo\TriggerInfo.vcxproj", "{DE7958CD-934E-4AF9-8A22-CCE329B364FB}"
EndProject
Project("{8BC9CEB8-8B4A-11D0-8D11-00A0C91BC942}") = "TriggerDetect", "Tools\TriggerDetect\TriggerDetect.vcxproj", "{9B08B68B-B8D7-4251-BB7B-9FEBC3020776}"
EndProject
Project("{8BC9CEB8-8B4A-11D0-8D11-00A0C91BC942}") = "znzin", "engine\build\msvc71\znzin\znzin.vcxproj", "{423F6727-70C6-4D7A-97BA-97C72FBC169B}"
EndProject
Project("{8BC9CEB8-8B4A-11D0-8D11-00A0C91BC942}") = "Client", "Client\Client.vcxproj", "{98F25AF9-BDDD-462D-9514-9A18FE2E2692}"
EndProject
Project("{2150E333-8FDC-42A3-9474-1A3956D46DE8}") = "Server", "Server", "{260DA7F8-D053-4FAD-AC44-AB014AC2C601}"
EndProject
Project("{8BC9CEB8-8B4A-11D0-8D11-00A0C91BC942}") = "LIB_Server", "LIB_Server\LIB_Server.vcxproj", "{07F4D39F-4AAF-4848-BEC1-F0FB9A7A69B3}"
EndProject
Project("{8BC9CEB8-8B4A-11D0-8D11-00A0C91BC942}") = "SHO_LS_LIB", "Server\SHO_LS\SHO_LS_LIB\SHO_LS_LIB.vcxproj", "{ABFAB753-FF1C-47E7-AA06-60FFCEC3C8FF}"
EndProject
Project("{8BC9CEB8-8B4A-11D0-8D11-00A0C91BC942}") = "SHO_LS_DLL", "Server\SHO_LS\SHO_LS_DLL\SHO_LS_DLL.vcxproj", "{880C1CCD-606A-49B9-8891-2794EAB4167C}"
EndProject
Project("{8BC9CEB8-8B4A-11D0-8D11-00A0C91BC942}") = "SHO_WS_DLL", "Server\SHO_WS\SHO_WS_DLL\SHO_WS_DLL.vcxproj", "{59368FFB-7EDD-46E7-BD58-19EC6415BB1D}"
EndProject
Project("{8BC9CEB8-8B4A-11D0-8D11-00A0C91BC942}") = "SHO_WS_LIB", "Server\SHO_WS\SHO_WS_LIB\SHO_WS_LIB.vcxproj", "{A4BD70F5-CE47-4747-8723-72C37983D063}"
EndProject
Project("{8BC9CEB8-8B4A-11D0-8D11-00A0C91BC942}") = "SHO_GS_DLL", "Server\SHO_GS\SHO_GS_DLL\SHO_GS_DLL.vcxproj", "{48E6A734-BEC4-4317-9102-67A9A3C030E9}"
EndProject
Project("{8BC9CEB8-8B4A-11D0-8D11-00A0C91BC942}") = "SHO_GS_LIB", "Server\SHO_GS\SHO_GS_LIB\SHO_GS_LIB.vcxproj", "{782AF9C9-40B2-4844-BE58-D73710823F16}"
EndProject
Project("{8BC9CEB8-8B4A-11D0-8D11-00A0C91BC942}") = "SHO_LS_EXE", "Server\SHO_LS\SHO_LS_EXE\SHO_LS_EXE.vcxproj", "{5CA52445-BAE2-417B-BD8C-770597FEF1D0}"
EndProject
Project("{8BC9CEB8-8B4A-11D0-8D11-00A0C91BC942}") = "SHO_WS_EXE", "Server\SHO_WS\SHO_WS_EXE\SHO_WS_EXE.vcxproj", "{85615F39-1C8B-4B77-B9FC-DDC9229627CB}"
EndProject
Project("{8BC9CEB8-8B4A-11D0-8D11-00A0C91BC942}") = "SHO_GS_EXE", "Server\SHO_GS\SHO_GS_EXE\SHO_GS_EXE.vcxproj", "{3901AB87-7242-425C-BB7E-86319874CCA3}"
EndProject
Global
	GlobalSection(SolutionConfigurationPlatforms) = preSolution
		Debug (ASAN)|x86 = Debug (ASAN)|x86
		Debug|x86 = Debug|x86
		Release|x86 = Release|x86
	EndGlobalSection
	GlobalSection(ProjectConfigurationPlatforms) = postSolution
		{1C44E7E3-0D58-4464-96FB-7741C61971E8}.Debug (ASAN)|x86.ActiveCfg = Debug (ASAN)|Win32
		{1C44E7E3-0D58-4464-96FB-7741C61971E8}.Debug (ASAN)|x86.Build.0 = Debug (ASAN)|Win32
		{1C44E7E3-0D58-4464-96FB-7741C61971E8}.Debug|x86.ActiveCfg = Debug|Win32
		{1C44E7E3-0D58-4464-96FB-7741C61971E8}.Debug|x86.Build.0 = Debug|Win32
		{1C44E7E3-0D58-4464-96FB-7741C61971E8}.Release|x86.ActiveCfg = Release|Win32
		{1C44E7E3-0D58-4464-96FB-7741C61971E8}.Release|x86.Build.0 = Release|Win32
		{9B2AB94E-0D59-48C9-8D2B-6E087E0E8F9E}.Debug (ASAN)|x86.ActiveCfg = Debug (ASAN)|Win32
		{9B2AB94E-0D59-48C9-8D2B-6E087E0E8F9E}.Debug (ASAN)|x86.Build.0 = Debug (ASAN)|Win32
		{9B2AB94E-0D59-48C9-8D2B-6E087E0E8F9E}.Debug|x86.ActiveCfg = Debug|Win32
		{9B2AB94E-0D59-48C9-8D2B-6E087E0E8F9E}.Debug|x86.Build.0 = Debug|Win32
		{9B2AB94E-0D59-48C9-8D2B-6E087E0E8F9E}.Release|x86.ActiveCfg = Release|Win32
		{9B2AB94E-0D59-48C9-8D2B-6E087E0E8F9E}.Release|x86.Build.0 = Release|Win32
		{BEC0AEBB-4798-43A3-BED7-E07BCC372BD0}.Debug (ASAN)|x86.ActiveCfg = Debug (ASAN)|Win32
		{BEC0AEBB-4798-43A3-BED7-E07BCC372BD0}.Debug (ASAN)|x86.Build.0 = Debug (ASAN)|Win32
		{BEC0AEBB-4798-43A3-BED7-E07BCC372BD0}.Debug|x86.ActiveCfg = Debug|Win32
		{BEC0AEBB-4798-43A3-BED7-E07BCC372BD0}.Debug|x86.Build.0 = Debug|Win32
		{BEC0AEBB-4798-43A3-BED7-E07BCC372BD0}.Release|x86.ActiveCfg = Release|Win32
		{BEC0AEBB-4798-43A3-BED7-E07BCC372BD0}.Release|x86.Build.0 = Release|Win32
		{7182673F-E84C-466E-9A88-956229BC287D}.Debug (ASAN)|x86.ActiveCfg = Debug (ASAN)|Win32
		{7182673F-E84C-466E-9A88-956229BC287D}.Debug (ASAN)|x86.Build.0 = Debug (ASAN)|Win32
		{7182673F-E84C-466E-9A88-956229BC287D}.Debug|x86.ActiveCfg = Debug|Win32
		{7182673F-E84C-466E-9A88-956229BC287D}.Debug|x86.Build.0 = Debug|Win32
		{7182673F-E84C-466E-9A88-956229BC287D}.Release|x86.ActiveCfg = Release|Win32
		{7182673F-E84C-466E-9A88-956229BC287D}.Release|x86.Build.0 = Release|Win32
		{51A47A6C-02EB-4F0D-8905-0513B419ADC4}.Debug (ASAN)|x86.ActiveCfg = Debug (ASAN)|Win32
		{51A47A6C-02EB-4F0D-8905-0513B419ADC4}.Debug (ASAN)|x86.Build.0 = Debug (ASAN)|Win32
		{51A47A6C-02EB-4F0D-8905-0513B419ADC4}.Debug|x86.ActiveCfg = Debug|Win32
		{51A47A6C-02EB-4F0D-8905-0513B419ADC4}.Debug|x86.Build.0 = Debug|Win32
		{51A47A6C-02EB-4F0D-8905-0513B419ADC4}.Release|x86.ActiveCfg = Release|Win32
		{51A47A6C-02EB-4F0D-8905-0513B419ADC4}.Release|x86.Build.0 = Release|Win32
		{109C5B49-214E-4D44-A833-60DE1EDD824F}.Debug (ASAN)|x86.ActiveCfg = Debug (ASAN)|Win32
		{109C5B49-214E-4D44-A833-60DE1EDD824F}.Debug (ASAN)|x86.Build.0 = Debug (ASAN)|Win32
		{109C5B49-214E-4D44-A833-60DE1EDD824F}.Debug|x86.ActiveCfg = Debug|Win32
		{109C5B49-214E-4D44-A833-60DE1EDD824F}.Debug|x86.Build.0 = Debug|Win32
		{109C5B49-214E-4D44-A833-60DE1EDD824F}.Release|x86.ActiveCfg = Release|Win32
		{109C5B49-214E-4D44-A833-60DE1EDD824F}.Release|x86.Build.0 = Release|Win32
		{EB72B23A-C42B-474A-9582-CC7D4DDD2E8D}.Debug (ASAN)|x86.ActiveCfg = Debug (ASAN)|Win32
		{EB72B23A-C42B-474A-9582-CC7D4DDD2E8D}.Debug (ASAN)|x86.Build.0 = Debug (ASAN)|Win32
		{EB72B23A-C42B-474A-9582-CC7D4DDD2E8D}.Debug|x86.ActiveCfg = Debug|Win32
		{EB72B23A-C42B-474A-9582-CC7D4DDD2E8D}.Debug|x86.Build.0 = Debug|Win32
		{EB72B23A-C42B-474A-9582-CC7D4DDD2E8D}.Release|x86.ActiveCfg = Release|Win32
		{EB72B23A-C42B-474A-9582-CC7D4DDD2E8D}.Release|x86.Build.0 = Release|Win32
		{C7962AC4-A99A-456E-B69E-9332B0560AFF}.Debug (ASAN)|x86.ActiveCfg = Debug (ASAN)|Win32
		{C7962AC4-A99A-456E-B69E-9332B0560AFF}.Debug (ASAN)|x86.Build.0 = Debug (ASAN)|Win32
		{C7962AC4-A99A-456E-B69E-9332B0560AFF}.Debug|x86.ActiveCfg = Debug|Win32
		{C7962AC4-A99A-456E-B69E-9332B0560AFF}.Debug|x86.Build.0 = Debug|Win32
		{C7962AC4-A99A-456E-B69E-9332B0560AFF}.Release|x86.ActiveCfg = Release|Win32
		{C7962AC4-A99A-456E-B69E-9332B0560AFF}.Release|x86.Build.0 = Release|Win32
		{409A2031-15F8-494F-A352-C029D6DCBA70}.Debug (ASAN)|x86.ActiveCfg = Debug (ASAN)|Win32
		{409A2031-15F8-494F-A352-C029D6DCBA70}.Debug (ASAN)|x86.Build.0 = Debug (ASAN)|Win32
		{409A2031-15F8-494F-A352-C029D6DCBA70}.Debug|x86.ActiveCfg = Debug|Win32
		{409A2031-15F8-494F-A352-C029D6DCBA70}.Debug|x86.Build.0 = Debug|Win32
		{409A2031-15F8-494F-A352-C029D6DCBA70}.Release|x86.ActiveCfg = Release|Win32
		{409A2031-15F8-494F-A352-C029D6DCBA70}.Release|x86.Build.0 = Release|Win32
		{F09EE1D8-7C57-42D7-B49F-0A04B5A341E1}.Debug (ASAN)|x86.ActiveCfg = Debug (ASAN)|Win32
		{F09EE1D8-7C57-42D7-B49F-0A04B5A341E1}.Debug (ASAN)|x86.Build.0 = Debug (ASAN)|Win32
		{F09EE1D8-7C57-42D7-B49F-0A04B5A341E1}.Debug|x86.ActiveCfg = Debug|Win32
		{F09EE1D8-7C57-42D7-B49F-0A04B5A341E1}.Debug|x86.Build.0 = Debug|Win32
		{F09EE1D8-7C57-42D7-B49F-0A04B5A341E1}.Release|x86.ActiveCfg = Release|Win32
		{F09EE1D8-7C57-42D7-B49F-0A04B5A341E1}.Release|x86.Build.0 = Release|Win32
		{F6C0BA4C-CDD8-4F54-AE1A-F5238B94B2CF}.Debug (ASAN)|x86.ActiveCfg = Debug (ASAN)|Win32
		{F6C0BA4C-CDD8-4F54-AE1A-F5238B94B2CF}.Debug (ASAN)|x86.Build.0 = Debug (ASAN)|Win32
		{F6C0BA4C-CDD8-4F54-AE1A-F5238B94B2CF}.Debug|x86.ActiveCfg = Debug|Win32
		{F6C0BA4C-CDD8-4F54-AE1A-F5238B94B2CF}.Debug|x86.Build.0 = Debug|Win32
		{F6C0BA4C-CDD8-4F54-AE1A-F5238B94B2CF}.Release|x86.ActiveCfg = Release|Win32
		{F6C0BA4C-CDD8-4F54-AE1A-F5238B94B2CF}.Release|x86.Build.0 = Release|Win32
		{3A9E8B28-4553-44C2-8B1F-E5A4713031F6}.Debug (ASAN)|x86.ActiveCfg = Debug (ASAN)|Win32
		{3A9E8B28-4553-44C2-8B1F-E5A4713031F6}.Debug (ASAN)|x86.Build.0 = Debug (ASAN)|Win32
		{3A9E8B28-4553-44C2-8B1F-E5A4713031F6}.Debug|x86.ActiveCfg = Debug|Win32
		{3A9E8B28-4553-44C2-8B1F-E5A4713031F6}.Debug|x86.Build.0 = Debug|Win32
		{3A9E8B28-4553-44C2-8B1F-E5A4713031F6}.Release|x86.ActiveCfg = Release|Win32
		{3A9E8B28-4553-44C2-8B1F-E5A4713031F6}.Release|x86.Build.0 = Release|Win32
		{03692816-E25C-48B0-9F16-C9D6BF4EBC6A}.Debug (ASAN)|x86.ActiveCfg = Debug (ASAN)|Win32
		{03692816-E25C-48B0-9F16-C9D6BF4EBC6A}.Debug (ASAN)|x86.Build.0 = Debug (ASAN)|Win32
		{03692816-E25C-48B0-9F16-C9D6BF4EBC6A}.Debug|x86.ActiveCfg = Debug|Win32
		{03692816-E25C-48B0-9F16-C9D6BF4EBC6A}.Debug|x86.Build.0 = Debug|Win32
		{03692816-E25C-48B0-9F16-C9D6BF4EBC6A}.Release|x86.ActiveCfg = Release|Win32
		{03692816-E25C-48B0-9F16-C9D6BF4EBC6A}.Release|x86.Build.0 = Release|Win32
		{3D8FB37B-21F3-4DEF-9B78-6FE270C73494}.Debug (ASAN)|x86.ActiveCfg = Debug (ASAN)|Win32
		{3D8FB37B-21F3-4DEF-9B78-6FE270C73494}.Debug (ASAN)|x86.Build.0 = Debug (ASAN)|Win32
		{3D8FB37B-21F3-4DEF-9B78-6FE270C73494}.Debug|x86.ActiveCfg = Debug|Win32
		{3D8FB37B-21F3-4DEF-9B78-6FE270C73494}.Debug|x86.Build.0 = Debug|Win32
		{3D8FB37B-21F3-4DEF-9B78-6FE270C73494}.Release|x86.ActiveCfg = Release|Win32
		{3D8FB37B-21F3-4DEF-9B78-6FE270C73494}.Release|x86.Build.0 = Release|Win32
		{B4DDE42E-8878-441E-87AE-62B2F0E5A9CF}.Debug (ASAN)|x86.ActiveCfg = Debug (ASAN)|Win32
		{B4DDE42E-8878-441E-87AE-62B2F0E5A9CF}.Debug (ASAN)|x86.Build.0 = Debug (ASAN)|Win32
		{B4DDE42E-8878-441E-87AE-62B2F0E5A9CF}.Debug|x86.ActiveCfg = Debug|Win32
		{B4DDE42E-8878-441E-87AE-62B2F0E5A9CF}.Debug|x86.Build.0 = Debug|Win32
		{B4DDE42E-8878-441E-87AE-62B2F0E5A9CF}.Release|x86.ActiveCfg = Release|Win32
		{B4DDE42E-8878-441E-87AE-62B2F0E5A9CF}.Release|x86.Build.0 = Release|Win32
		{25FC645B-A461-4FDD-848A-4F7C5522313A}.Debug (ASAN)|x86.ActiveCfg = Debug (ASAN)|Win32
		{25FC645B-A461-4FDD-848A-4F7C5522313A}.Debug (ASAN)|x86.Build.0 = Debug (ASAN)|Win32
		{25FC645B-A461-4FDD-848A-4F7C5522313A}.Debug|x86.ActiveCfg = Debug|Win32
		{25FC645B-A461-4FDD-848A-4F7C5522313A}.Debug|x86.Build.0 = Debug|Win32
		{25FC645B-A461-4FDD-848A-4F7C5522313A}.Release|x86.ActiveCfg = Release|Win32
		{25FC645B-A461-4FDD-848A-4F7C5522313A}.Release|x86.Build.0 = Release|Win32
		{DE7958CD-934E-4AF9-8A22-CCE329B364FB}.Debug (ASAN)|x86.ActiveCfg = Debug (ASAN)|Win32
		{DE7958CD-934E-4AF9-8A22-CCE329B364FB}.Debug (ASAN)|x86.Build.0 = Debug (ASAN)|Win32
		{DE7958CD-934E-4AF9-8A22-CCE329B364FB}.Debug|x86.ActiveCfg = Debug|Win32
		{DE7958CD-934E-4AF9-8A22-CCE329B364FB}.Debug|x86.Build.0 = Debug|Win32
		{DE7958CD-934E-4AF9-8A22-CCE329B364FB}.Release|x86.ActiveCfg = Release|Win32
		{DE7958CD-934E-4AF9-8A22-CCE329B364FB}.Release|x86.Build.0 = Release|Win32
		{9B08B68B-B8D7-4251-BB7B-9FEBC3020776}.Debug (ASAN)|x86.ActiveCfg = Debug (ASAN)|Win32
		{9B08B68B-B8D7-4251-BB7B-9FEBC3020776}.Debug (ASAN)|x86.Build.0 = Debug (ASAN)|Win32
		{9B08B68B-B8D7-4251-BB7B-9FEBC3020776}.Debug|x86.ActiveCfg = Debug|Win32
		{9B08B68B-B8D7-4251-BB7B-9FEBC3020776}.Debug|x86.Build.0 = Debug|Win32
		{9B08B68B-B8D7-4251-BB7B-9FEBC3020776}.Release|x86.ActiveCfg = Release|Win32
		{9B08B68B-B8D7-4251-BB7B-9FEBC3020776}.Release|x86.Build.0 = Release|Win32
		{423F6727-70C6-4D7A-97BA-97C72FBC169B}.Debug (ASAN)|x86.ActiveCfg = Debug (ASAN)|Win32
		{423F6727-70C6-4D7A-97BA-97C72FBC169B}.Debug (ASAN)|x86.Build.0 = Debug (ASAN)|Win32
		{423F6727-70C6-4D7A-97BA-97C72FBC169B}.Debug|x86.ActiveCfg = Debug|Win32
		{423F6727-70C6-4D7A-97BA-97C72FBC169B}.Debug|x86.Build.0 = Debug|Win32
		{423F6727-70C6-4D7A-97BA-97C72FBC169B}.Release|x86.ActiveCfg = Release|Win32
		{423F6727-70C6-4D7A-97BA-97C72FBC169B}.Release|x86.Build.0 = Release|Win32
		{98F25AF9-BDDD-462D-9514-9A18FE2E2692}.Debug (ASAN)|x86.ActiveCfg = Debug (ASAN)|Win32
		{98F25AF9-BDDD-462D-9514-9A18FE2E2692}.Debug (ASAN)|x86.Build.0 = Debug (ASAN)|Win32
		{98F25AF9-BDDD-462D-9514-9A18FE2E2692}.Debug|x86.ActiveCfg = Debug|Win32
		{98F25AF9-BDDD-462D-9514-9A18FE2E2692}.Debug|x86.Build.0 = Debug|Win32
		{98F25AF9-BDDD-462D-9514-9A18FE2E2692}.Release|x86.ActiveCfg = Release|Win32
		{98F25AF9-BDDD-462D-9514-9A18FE2E2692}.Release|x86.Build.0 = Release|Win32
		{07F4D39F-4AAF-4848-BEC1-F0FB9A7A69B3}.Debug (ASAN)|x86.ActiveCfg = Debug (ASAN)|Win32
		{07F4D39F-4AAF-4848-BEC1-F0FB9A7A69B3}.Debug (ASAN)|x86.Build.0 = Debug (ASAN)|Win32
		{07F4D39F-4AAF-4848-BEC1-F0FB9A7A69B3}.Debug|x86.ActiveCfg = Debug|Win32
		{07F4D39F-4AAF-4848-BEC1-F0FB9A7A69B3}.Debug|x86.Build.0 = Debug|Win32
		{07F4D39F-4AAF-4848-BEC1-F0FB9A7A69B3}.Release|x86.ActiveCfg = Release|Win32
		{07F4D39F-4AAF-4848-BEC1-F0FB9A7A69B3}.Release|x86.Build.0 = Release|Win32
		{ABFAB753-FF1C-47E7-AA06-60FFCEC3C8FF}.Debug (ASAN)|x86.ActiveCfg = Debug (ASAN)|Win32
		{ABFAB753-FF1C-47E7-AA06-60FFCEC3C8FF}.Debug (ASAN)|x86.Build.0 = Debug (ASAN)|Win32
		{ABFAB753-FF1C-47E7-AA06-60FFCEC3C8FF}.Debug|x86.ActiveCfg = Debug|Win32
		{ABFAB753-FF1C-47E7-AA06-60FFCEC3C8FF}.Debug|x86.Build.0 = Debug|Win32
		{ABFAB753-FF1C-47E7-AA06-60FFCEC3C8FF}.Release|x86.ActiveCfg = Release|Win32
		{ABFAB753-FF1C-47E7-AA06-60FFCEC3C8FF}.Release|x86.Build.0 = Release|Win32
		{880C1CCD-606A-49B9-8891-2794EAB4167C}.Debug (ASAN)|x86.ActiveCfg = Debug (ASAN)|Win32
		{880C1CCD-606A-49B9-8891-2794EAB4167C}.Debug (ASAN)|x86.Build.0 = Debug (ASAN)|Win32
		{880C1CCD-606A-49B9-8891-2794EAB4167C}.Debug|x86.ActiveCfg = Debug|Win32
		{880C1CCD-606A-49B9-8891-2794EAB4167C}.Debug|x86.Build.0 = Debug|Win32
		{880C1CCD-606A-49B9-8891-2794EAB4167C}.Release|x86.ActiveCfg = Release|Win32
		{880C1CCD-606A-49B9-8891-2794EAB4167C}.Release|x86.Build.0 = Release|Win32
		{59368FFB-7EDD-46E7-BD58-19EC6415BB1D}.Debug (ASAN)|x86.ActiveCfg = Debug (ASAN)|Win32
		{59368FFB-7EDD-46E7-BD58-19EC6415BB1D}.Debug (ASAN)|x86.Build.0 = Debug (ASAN)|Win32
		{59368FFB-7EDD-46E7-BD58-19EC6415BB1D}.Debug|x86.ActiveCfg = Debug|Win32
		{59368FFB-7EDD-46E7-BD58-19EC6415BB1D}.Debug|x86.Build.0 = Debug|Win32
		{59368FFB-7EDD-46E7-BD58-19EC6415BB1D}.Release|x86.ActiveCfg = Release|Win32
		{59368FFB-7EDD-46E7-BD58-19EC6415BB1D}.Release|x86.Build.0 = Release|Win32
		{A4BD70F5-CE47-4747-8723-72C37983D063}.Debug (ASAN)|x86.ActiveCfg = Debug (ASAN)|Win32
		{A4BD70F5-CE47-4747-8723-72C37983D063}.Debug (ASAN)|x86.Build.0 = Debug (ASAN)|Win32
		{A4BD70F5-CE47-4747-8723-72C37983D063}.Debug|x86.ActiveCfg = Debug|Win32
		{A4BD70F5-CE47-4747-8723-72C37983D063}.Debug|x86.Build.0 = Debug|Win32
		{A4BD70F5-CE47-4747-8723-72C37983D063}.Release|x86.ActiveCfg = Release|Win32
		{A4BD70F5-CE47-4747-8723-72C37983D063}.Release|x86.Build.0 = Release|Win32
		{48E6A734-BEC4-4317-9102-67A9A3C030E9}.Debug (ASAN)|x86.ActiveCfg = Debug (ASAN)|Win32
		{48E6A734-BEC4-4317-9102-67A9A3C030E9}.Debug (ASAN)|x86.Build.0 = Debug (ASAN)|Win32
		{48E6A734-BEC4-4317-9102-67A9A3C030E9}.Debug|x86.ActiveCfg = Debug|Win32
		{48E6A734-BEC4-4317-9102-67A9A3C030E9}.Debug|x86.Build.0 = Debug|Win32
		{48E6A734-BEC4-4317-9102-67A9A3C030E9}.Release|x86.ActiveCfg = Release|Win32
		{48E6A734-BEC4-4317-9102-67A9A3C030E9}.Release|x86.Build.0 = Release|Win32
		{782AF9C9-40B2-4844-BE58-D73710823F16}.Debug (ASAN)|x86.ActiveCfg = Debug (ASAN)|Win32
		{782AF9C9-40B2-4844-BE58-D73710823F16}.Debug (ASAN)|x86.Build.0 = Debug (ASAN)|Win32
		{782AF9C9-40B2-4844-BE58-D73710823F16}.Debug|x86.ActiveCfg = Debug|Win32
		{782AF9C9-40B2-4844-BE58-D73710823F16}.Debug|x86.Build.0 = Debug|Win32
		{782AF9C9-40B2-4844-BE58-D73710823F16}.Release|x86.ActiveCfg = Release|Win32
		{782AF9C9-40B2-4844-BE58-D73710823F16}.Release|x86.Build.0 = Release|Win32
		{5CA52445-BAE2-417B-BD8C-770597FEF1D0}.Debug (ASAN)|x86.ActiveCfg = Debug (ASAN)|Win32
		{5CA52445-BAE2-417B-BD8C-770597FEF1D0}.Debug (ASAN)|x86.Build.0 = Debug (ASAN)|Win32
		{5CA52445-BAE2-417B-BD8C-770597FEF1D0}.Debug|x86.ActiveCfg = Debug|Win32
		{5CA52445-BAE2-417B-BD8C-770597FEF1D0}.Debug|x86.Build.0 = Debug|Win32
		{5CA52445-BAE2-417B-BD8C-770597FEF1D0}.Release|x86.ActiveCfg = Release|Win32
		{5CA52445-BAE2-417B-BD8C-770597FEF1D0}.Release|x86.Build.0 = Release|Win32
		{85615F39-1C8B-4B77-B9FC-DDC9229627CB}.Debug (ASAN)|x86.ActiveCfg = Debug (ASAN)|Win32
		{85615F39-1C8B-4B77-B9FC-DDC9229627CB}.Debug (ASAN)|x86.Build.0 = Debug (ASAN)|Win32
		{85615F39-1C8B-4B77-B9FC-DDC9229627CB}.Debug|x86.ActiveCfg = Debug|Win32
		{85615F39-1C8B-4B77-B9FC-DDC9229627CB}.Debug|x86.Build.0 = Debug|Win32
		{85615F39-1C8B-4B77-B9FC-DDC9229627CB}.Release|x86.ActiveCfg = Release|Win32
		{85615F39-1C8B-4B77-B9FC-DDC9229627CB}.Release|x86.Build.0 = Release|Win32
		{3901AB87-7242-425C-BB7E-86319874CCA3}.Debug (ASAN)|x86.ActiveCfg = Debug (ASAN)|Win32
		{3901AB87-7242-425C-BB7E-86319874CCA3}.Debug (ASAN)|x86.Build.0 = Debug (ASAN)|Win32
		{3901AB87-7242-425C-BB7E-86319874CCA3}.Debug|x86.ActiveCfg = Debug|Win32
		{3901AB87-7242-425C-BB7E-86319874CCA3}.Debug|x86.Build.0 = Debug|Win32
		{3901AB87-7242-425C-BB7E-86319874CCA3}.Release|x86.ActiveCfg = Release|Win32
		{3901AB87-7242-425C-BB7E-86319874CCA3}.Release|x86.Build.0 = Release|Win32
	EndGlobalSection
	GlobalSection(SolutionProperties) = preSolution
		HideSolutionNode = FALSE
	EndGlobalSection
	GlobalSection(NestedProjects) = preSolution
		{1C44E7E3-0D58-4464-96FB-7741C61971E8} = {A7B83E36-9EE4-4168-8D94-E600505AF59D}
		{A7B83E36-9EE4-4168-8D94-E600505AF59D} = {C320FC0D-F28D-4327-BBD7-61ED908556F4}
		{9B2AB94E-0D59-48C9-8D2B-6E087E0E8F9E} = {A7B83E36-9EE4-4168-8D94-E600505AF59D}
		{BEC0AEBB-4798-43A3-BED7-E07BCC372BD0} = {A7B83E36-9EE4-4168-8D94-E600505AF59D}
		{EB09FC50-8895-4E9E-89FA-F8D10E940E34} = {C320FC0D-F28D-4327-BBD7-61ED908556F4}
		{7182673F-E84C-466E-9A88-956229BC287D} = {EB09FC50-8895-4E9E-89FA-F8D10E940E34}
		{51A47A6C-02EB-4F0D-8905-0513B419ADC4} = {EB09FC50-8895-4E9E-89FA-F8D10E940E34}
		{109C5B49-214E-4D44-A833-60DE1EDD824F} = {EB09FC50-8895-4E9E-89FA-F8D10E940E34}
		{EB72B23A-C42B-474A-9582-CC7D4DDD2E8D} = {C320FC0D-F28D-4327-BBD7-61ED908556F4}
		{C7962AC4-A99A-456E-B69E-9332B0560AFF} = {C320FC0D-F28D-4327-BBD7-61ED908556F4}
		{409A2031-15F8-494F-A352-C029D6DCBA70} = {C320FC0D-F28D-4327-BBD7-61ED908556F4}
		{F09EE1D8-7C57-42D7-B49F-0A04B5A341E1} = {C320FC0D-F28D-4327-BBD7-61ED908556F4}
		{F6C0BA4C-CDD8-4F54-AE1A-F5238B94B2CF} = {C320FC0D-F28D-4327-BBD7-61ED908556F4}
		{3A9E8B28-4553-44C2-8B1F-E5A4713031F6} = {C320FC0D-F28D-4327-BBD7-61ED908556F4}
		{03692816-E25C-48B0-9F16-C9D6BF4EBC6A} = {C320FC0D-F28D-4327-BBD7-61ED908556F4}
		{3D8FB37B-21F3-4DEF-9B78-6FE270C73494} = {002DA7B2-7D19-4BA0-A258-1498E7E12625}
		{25FC645B-A461-4FDD-848A-4F7C5522313A} = {002DA7B2-7D19-4BA0-A258-1498E7E12625}
		{DE7958CD-934E-4AF9-8A22-CCE329B364FB} = {002DA7B2-7D19-4BA0-A258-1498E7E12625}
		{9B08B68B-B8D7-4251-BB7B-9FEBC3020776} = {002DA7B2-7D19-4BA0-A258-1498E7E12625}
		{423F6727-70C6-4D7A-97BA-97C72FBC169B} = {002DA7B2-7D19-4BA0-A258-1498E7E12625}
		{98F25AF9-BDDD-462D-9514-9A18FE2E2692} = {002DA7B2-7D19-4BA0-A258-1498E7E12625}
		{07F4D39F-4AAF-4848-BEC1-F0FB9A7A69B3} = {260DA7F8-D053-4FAD-AC44-AB014AC2C601}
		{ABFAB753-FF1C-47E7-AA06-60FFCEC3C8FF} = {260DA7F8-D053-4FAD-AC44-AB014AC2C601}
		{880C1CCD-606A-49B9-8891-2794EAB4167C} = {260DA7F8-D053-4FAD-AC44-AB014AC2C601}
		{59368FFB-7EDD-46E7-BD58-19EC6415BB1D} = {260DA7F8-D053-4FAD-AC44-AB014AC2C601}
		{A4BD70F5-CE47-4747-8723-72C37983D063} = {260DA7F8-D053-4FAD-AC44-AB014AC2C601}
		{48E6A734-BEC4-4317-9102-67A9A3C030E9} = {260DA7F8-D053-4FAD-AC44-AB014AC2C601}
		{782AF9C9-40B2-4844-BE58-D73710823F16} = {260DA7F8-D053-4FAD-AC44-AB014AC2C601}
		{5CA52445-BAE2-417B-BD8C-770597FEF1D0} = {260DA7F8-D053-4FAD-AC44-AB014AC2C601}
		{85615F39-1C8B-4B77-B9FC-DDC9229627CB} = {260DA7F8-D053-4FAD-AC44-AB014AC2C601}
		{3901AB87-7242-425C-BB7E-86319874CCA3} = {260DA7F8-D053-4FAD-AC44-AB014AC2C601}
	EndGlobalSection
	GlobalSection(ExtensibilityGlobals) = postSolution
		SolutionGuid = {07C55C7E-6ECD-4DA6-90A7-B45D3ABFC033}
	EndGlobalSection
EndGlobal
